
Microsoft Visual Studio Solution File, Format Version 12.00
# Visual Studio Version 16
VisualStudioVersion = 16.0.28803.352
MinimumVisualStudioVersion = 10.0.40219.1
Project("{FAE04EC0-301F-11D3-BF4B-00C04F79EFBC}") = "Exercice1", "Exercice1\Exercice1.csproj", "{07E0CD09-227F-4E81-AEF8-87F03778248C}"
EndProject
Project("{FAE04EC0-301F-11D3-BF4B-00C04F79EFBC}") = "Exercice2", "Exercice2\Exercice2.csproj", "{C04D8415-854A-47DA-899A-D136C05464F9}"
EndProject
Global
	GlobalSection(SolutionConfigurationPlatforms) = preSolution
		Debug|Any CPU = Debug|Any CPU
		Release|Any CPU = Release|Any CPU
	EndGlobalSection
	GlobalSection(ProjectConfigurationPlatforms) = postSolution
		{07E0CD09-227F-4E81-AEF8-87F03778248C}.Debug|Any CPU.ActiveCfg = Debug|Any CPU
		{07E0CD09-227F-4E81-AEF8-87F03778248C}.Debug|Any CPU.Build.0 = Debug|Any CPU
		{07E0CD09-227F-4E81-AEF8-87F03778248C}.Release|Any CPU.ActiveCfg = Release|Any CPU
		{07E0CD09-227F-4E81-AEF8-87F03778248C}.Release|Any CPU.Build.0 = Release|Any CPU
		{C04D8415-854A-47DA-899A-D136C05464F9}.Debug|Any CPU.ActiveCfg = Debug|Any CPU
		{C04D8415-854A-47DA-899A-D136C05464F9}.Debug|Any CPU.Build.0 = Debug|Any CPU
		{C04D8415-854A-47DA-899A-D136C05464F9}.Release|Any CPU.ActiveCfg = Release|Any CPU
		{C04D8415-854A-47DA-899A-D136C05464F9}.Release|Any CPU.Build.0 = Release|Any CPU
	EndGlobalSection
	GlobalSection(SolutionProperties) = preSolution
		HideSolutionNode = FALSE
	EndGlobalSection
	GlobalSection(ExtensibilityGlobals) = postSolution
		SolutionGuid = {5A562ABB-8BB0-478B-A275-3F16F9682882}
	EndGlobalSection
EndGlobal
